
Microsoft Visual Studio Solution File, Format Version 12.00
# Visual Studio Version 17
VisualStudioVersion = 17.2.32602.215
MinimumVisualStudioVersion = 10.0.40219.1
Project("{FAE04EC0-301F-11D3-BF4B-00C04F79EFBC}") = "aps", "aps\aps.csproj", "{33157D84-9D60-4BE9-A6B4-D69BA2E6E189}"
EndProject
Global
	GlobalSection(SolutionConfigurationPlatforms) = preSolution
		Debug|Any CPU = Debug|Any CPU
		Release|Any CPU = Release|Any CPU
	EndGlobalSection
	GlobalSection(ProjectConfigurationPlatforms) = postSolution
		{33157D84-9D60-4BE9-A6B4-D69BA2E6E189}.Debug|Any CPU.ActiveCfg = Debug|Any CPU
		{33157D84-9D60-4BE9-A6B4-D69BA2E6E189}.Debug|Any CPU.Build.0 = Debug|Any CPU
		{33157D84-9D60-4BE9-A6B4-D69BA2E6E189}.Release|Any CPU.ActiveCfg = Release|Any CPU
		{33157D84-9D60-4BE9-A6B4-D69BA2E6E189}.Release|Any CPU.Build.0 = Release|Any CPU
	EndGlobalSection
	GlobalSection(SolutionProperties) = preSolution
		HideSolutionNode = FALSE
	EndGlobalSection
	GlobalSection(ExtensibilityGlobals) = postSolution
		SolutionGuid = {2310B638-3C75-4BA5-ACA5-7B36AD20EF63}
	EndGlobalSection
EndGlobal
